
Microsoft Visual Studio Solution File, Format Version 12.00
# Visual Studio Version 16
VisualStudioVersion = 16.0.30503.244
MinimumVisualStudioVersion = 10.0.40219.1
Project("{FAE04EC0-301F-11D3-BF4B-00C04F79EFBC}") = "Lab2SPP", "Lab2SPP\Lab2SPP.csproj", "{F049F09C-D36B-4495-8028-41AAF6BE8FFD}"
EndProject
Project("{FAE04EC0-301F-11D3-BF4B-00C04F79EFBC}") = "GeneratorLibrary", "IGeneratorLibrary\GeneratorLibrary.csproj", "{784E5EC8-9E3E-4C1E-AEA7-7BC8D9D8EAA8}"
EndProject
Project("{FAE04EC0-301F-11D3-BF4B-00C04F79EFBC}") = "Lab2SPP.Tests", "Lab2SPP.Tests\Lab2SPP.Tests.csproj", "{58B2BDBF-8219-4116-8F0C-D8A26788E413}"
EndProject
Global
	GlobalSection(SolutionConfigurationPlatforms) = preSolution
		Debug|Any CPU = Debug|Any CPU
		Release|Any CPU = Release|Any CPU
	EndGlobalSection
	GlobalSection(ProjectConfigurationPlatforms) = postSolution
		{F049F09C-D36B-4495-8028-41AAF6BE8FFD}.Debug|Any CPU.ActiveCfg = Debug|Any CPU
		{F049F09C-D36B-4495-8028-41AAF6BE8FFD}.Debug|Any CPU.Build.0 = Debug|Any CPU
		{F049F09C-D36B-4495-8028-41AAF6BE8FFD}.Release|Any CPU.ActiveCfg = Release|Any CPU
		{F049F09C-D36B-4495-8028-41AAF6BE8FFD}.Release|Any CPU.Build.0 = Release|Any CPU
		{784E5EC8-9E3E-4C1E-AEA7-7BC8D9D8EAA8}.Debug|Any CPU.ActiveCfg = Debug|Any CPU
		{784E5EC8-9E3E-4C1E-AEA7-7BC8D9D8EAA8}.Debug|Any CPU.Build.0 = Debug|Any CPU
		{784E5EC8-9E3E-4C1E-AEA7-7BC8D9D8EAA8}.Release|Any CPU.ActiveCfg = Release|Any CPU
		{784E5EC8-9E3E-4C1E-AEA7-7BC8D9D8EAA8}.Release|Any CPU.Build.0 = Release|Any CPU
		{58B2BDBF-8219-4116-8F0C-D8A26788E413}.Debug|Any CPU.ActiveCfg = Debug|Any CPU
		{58B2BDBF-8219-4116-8F0C-D8A26788E413}.Debug|Any CPU.Build.0 = Debug|Any CPU
		{58B2BDBF-8219-4116-8F0C-D8A26788E413}.Release|Any CPU.ActiveCfg = Release|Any CPU
		{58B2BDBF-8219-4116-8F0C-D8A26788E413}.Release|Any CPU.Build.0 = Release|Any CPU
	EndGlobalSection
	GlobalSection(SolutionProperties) = preSolution
		HideSolutionNode = FALSE
	EndGlobalSection
	GlobalSection(ExtensibilityGlobals) = postSolution
		SolutionGuid = {E2210B94-BDBF-490C-8108-647AAF58F134}
	EndGlobalSection
EndGlobal
